
Microsoft Visual Studio Solution File, Format Version 12.00
# Visual Studio Version 16
VisualStudioVersion = 16.0.30225.117
MinimumVisualStudioVersion = 10.0.40219.1
Project("{FAE04EC0-301F-11D3-BF4B-00C04F79EFBC}") = "BooksSummariesApp.UWP", "BooksSummariesApp\BooksSummariesApp.UWP\BooksSummariesApp.UWP.csproj", "{602CB521-1590-4196-99F6-6AFD62F19E7D}"
EndProject
Project("{FAE04EC0-301F-11D3-BF4B-00C04F79EFBC}") = "BooksSummariesApp.Android", "BooksSummariesApp\BooksSummariesApp.Android\BooksSummariesApp.Android.csproj", "{3F77A20F-036C-4C5C-91A3-278DCC024859}"
EndProject
Project("{FAE04EC0-301F-11D3-BF4B-00C04F79EFBC}") = "BooksSummariesApp.iOS", "BooksSummariesApp\BooksSummariesApp.iOS\BooksSummariesApp.iOS.csproj", "{1DEA13E7-87AA-4FE8-81DD-C8388953A0D6}"
EndProject
Project("{FAE04EC0-301F-11D3-BF4B-00C04F79EFBC}") = "BooksSummariesApp", "BooksSummariesApp\BooksSummariesApp\BooksSummariesApp.csproj", "{C7898FC3-1A9F-44EC-8428-CE058AEEFF70}"
EndProject
Project("{2150E333-8FDC-42A3-9474-1A3956D46DE8}") = "Apps", "Apps", "{72AE0A22-54C3-4EA6-91DE-DB81D6204B64}"
EndProject
Project("{FAE04EC0-301F-11D3-BF4B-00C04F79EFBC}") = "BooksSummariesApp.Models", "BooksSummariesApp.Models\BooksSummariesApp.Models.csproj", "{E4DD43ED-07FF-401C-94DB-2A4C5A950C2F}"
EndProject
Project("{FAE04EC0-301F-11D3-BF4B-00C04F79EFBC}") = "BooksSummariesApp.Infrastructure", "BooksSummariesApp.Infrastructure\BooksSummariesApp.Infrastructure.csproj", "{57AD23F7-47C6-4B9E-B30B-110F63159B8D}"
EndProject
Global
	GlobalSection(SolutionConfigurationPlatforms) = preSolution
		Debug|Any CPU = Debug|Any CPU
		Debug|ARM = Debug|ARM
		Debug|iPhone = Debug|iPhone
		Debug|iPhoneSimulator = Debug|iPhoneSimulator
		Debug|x64 = Debug|x64
		Debug|x86 = Debug|x86
		Release|Any CPU = Release|Any CPU
		Release|ARM = Release|ARM
		Release|iPhone = Release|iPhone
		Release|iPhoneSimulator = Release|iPhoneSimulator
		Release|x64 = Release|x64
		Release|x86 = Release|x86
	EndGlobalSection
	GlobalSection(ProjectConfigurationPlatforms) = postSolution
		{602CB521-1590-4196-99F6-6AFD62F19E7D}.Debug|Any CPU.ActiveCfg = Debug|x86
		{602CB521-1590-4196-99F6-6AFD62F19E7D}.Debug|Any CPU.Build.0 = Debug|x86
		{602CB521-1590-4196-99F6-6AFD62F19E7D}.Debug|Any CPU.Deploy.0 = Debug|x86
		{602CB521-1590-4196-99F6-6AFD62F19E7D}.Debug|ARM.ActiveCfg = Debug|ARM
		{602CB521-1590-4196-99F6-6AFD62F19E7D}.Debug|ARM.Build.0 = Debug|ARM
		{602CB521-1590-4196-99F6-6AFD62F19E7D}.Debug|ARM.Deploy.0 = Debug|ARM
		{602CB521-1590-4196-99F6-6AFD62F19E7D}.Debug|iPhone.ActiveCfg = Debug|x86
		{602CB521-1590-4196-99F6-6AFD62F19E7D}.Debug|iPhone.Build.0 = Debug|x86
		{602CB521-1590-4196-99F6-6AFD62F19E7D}.Debug|iPhone.Deploy.0 = Debug|x86
		{602CB521-1590-4196-99F6-6AFD62F19E7D}.Debug|iPhoneSimulator.ActiveCfg = Debug|x86
		{602CB521-1590-4196-99F6-6AFD62F19E7D}.Debug|iPhoneSimulator.Build.0 = Debug|x86
		{602CB521-1590-4196-99F6-6AFD62F19E7D}.Debug|iPhoneSimulator.Deploy.0 = Debug|x86
		{602CB521-1590-4196-99F6-6AFD62F19E7D}.Debug|x64.ActiveCfg = Debug|x64
		{602CB521-1590-4196-99F6-6AFD62F19E7D}.Debug|x64.Build.0 = Debug|x64
		{602CB521-1590-4196-99F6-6AFD62F19E7D}.Debug|x64.Deploy.0 = Debug|x64
		{602CB521-1590-4196-99F6-6AFD62F19E7D}.Debug|x86.ActiveCfg = Debug|x86
		{602CB521-1590-4196-99F6-6AFD62F19E7D}.Debug|x86.Build.0 = Debug|x86
		{602CB521-1590-4196-99F6-6AFD62F19E7D}.Debug|x86.Deploy.0 = Debug|x86
		{602CB521-1590-4196-99F6-6AFD62F19E7D}.Release|Any CPU.ActiveCfg = Release|x86
		{602CB521-1590-4196-99F6-6AFD62F19E7D}.Release|Any CPU.Build.0 = Release|x86
		{602CB521-1590-4196-99F6-6AFD62F19E7D}.Release|Any CPU.Deploy.0 = Release|x86
		{602CB521-1590-4196-99F6-6AFD62F19E7D}.Release|ARM.ActiveCfg = Release|ARM
		{602CB521-1590-4196-99F6-6AFD62F19E7D}.Release|ARM.Build.0 = Release|ARM
		{602CB521-1590-4196-99F6-6AFD62F19E7D}.Release|ARM.Deploy.0 = Release|ARM
		{602CB521-1590-4196-99F6-6AFD62F19E7D}.Release|iPhone.ActiveCfg = Release|x86
		{602CB521-1590-4196-99F6-6AFD62F19E7D}.Release|iPhone.Build.0 = Release|x86
		{602CB521-1590-4196-99F6-6AFD62F19E7D}.Release|iPhone.Deploy.0 = Release|x86
		{602CB521-1590-4196-99F6-6AFD62F19E7D}.Release|iPhoneSimulator.ActiveCfg = Release|x86
		{602CB521-1590-4196-99F6-6AFD62F19E7D}.Release|iPhoneSimulator.Build.0 = Release|x86
		{602CB521-1590-4196-99F6-6AFD62F19E7D}.Release|iPhoneSimulator.Deploy.0 = Release|x86
		{602CB521-1590-4196-99F6-6AFD62F19E7D}.Release|x64.ActiveCfg = Release|x64
		{602CB521-1590-4196-99F6-6AFD62F19E7D}.Release|x64.Build.0 = Release|x64
		{602CB521-1590-4196-99F6-6AFD62F19E7D}.Release|x64.Deploy.0 = Release|x64
		{602CB521-1590-4196-99F6-6AFD62F19E7D}.Release|x86.ActiveCfg = Release|x86
		{602CB521-1590-4196-99F6-6AFD62F19E7D}.Release|x86.Build.0 = Release|x86
		{602CB521-1590-4196-99F6-6AFD62F19E7D}.Release|x86.Deploy.0 = Release|x86
		{3F77A20F-036C-4C5C-91A3-278DCC024859}.Debug|Any CPU.ActiveCfg = Debug|Any CPU
		{3F77A20F-036C-4C5C-91A3-278DCC024859}.Debug|Any CPU.Build.0 = Debug|Any CPU
		{3F77A20F-036C-4C5C-91A3-278DCC024859}.Debug|Any CPU.Deploy.0 = Debug|Any CPU
		{3F77A20F-036C-4C5C-91A3-278DCC024859}.Debug|ARM.ActiveCfg = Debug|Any CPU
		{3F77A20F-036C-4C5C-91A3-278DCC024859}.Debug|ARM.Build.0 = Debug|Any CPU
		{3F77A20F-036C-4C5C-91A3-278DCC024859}.Debug|ARM.Deploy.0 = Debug|Any CPU
		{3F77A20F-036C-4C5C-91A3-278DCC024859}.Debug|iPhone.ActiveCfg = Debug|Any CPU
		{3F77A20F-036C-4C5C-91A3-278DCC024859}.Debug|iPhone.Build.0 = Debug|Any CPU
		{3F77A20F-036C-4C5C-91A3-278DCC024859}.Debug|iPhone.Deploy.0 = Debug|Any CPU
		{3F77A20F-036C-4C5C-91A3-278DCC024859}.Debug|iPhoneSimulator.ActiveCfg = Debug|Any CPU
		{3F77A20F-036C-4C5C-91A3-278DCC024859}.Debug|iPhoneSimulator.Build.0 = Debug|Any CPU
		{3F77A20F-036C-4C5C-91A3-278DCC024859}.Debug|iPhoneSimulator.Deploy.0 = Debug|Any CPU
		{3F77A20F-036C-4C5C-91A3-278DCC024859}.Debug|x64.ActiveCfg = Debug|Any CPU
		{3F77A20F-036C-4C5C-91A3-278DCC024859}.Debug|x64.Build.0 = Debug|Any CPU
		{3F77A20F-036C-4C5C-91A3-278DCC024859}.Debug|x64.Deploy.0 = Debug|Any CPU
		{3F77A20F-036C-4C5C-91A3-278DCC024859}.Debug|x86.ActiveCfg = Debug|Any CPU
		{3F77A20F-036C-4C5C-91A3-278DCC024859}.Debug|x86.Build.0 = Debug|Any CPU
		{3F77A20F-036C-4C5C-91A3-278DCC024859}.Debug|x86.Deploy.0 = Debug|Any CPU
		{3F77A20F-036C-4C5C-91A3-278DCC024859}.Release|Any CPU.ActiveCfg = Release|Any CPU
		{3F77A20F-036C-4C5C-91A3-278DCC024859}.Release|Any CPU.Build.0 = Release|Any CPU
		{3F77A20F-036C-4C5C-91A3-278DCC024859}.Release|Any CPU.Deploy.0 = Release|Any CPU
		{3F77A20F-036C-4C5C-91A3-278DCC024859}.Release|ARM.ActiveCfg = Release|Any CPU
		{3F77A20F-036C-4C5C-91A3-278DCC024859}.Release|ARM.Build.0 = Release|Any CPU
		{3F77A20F-036C-4C5C-91A3-278DCC024859}.Release|ARM.Deploy.0 = Release|Any CPU
		{3F77A20F-036C-4C5C-91A3-278DCC024859}.Release|iPhone.ActiveCfg = Release|Any CPU
		{3F77A20F-036C-4C5C-91A3-278DCC024859}.Release|iPhone.Build.0 = Release|Any CPU
		{3F77A20F-036C-4C5C-91A3-278DCC024859}.Release|iPhone.Deploy.0 = Release|Any CPU
		{3F77A20F-036C-4C5C-91A3-278DCC024859}.Release|iPhoneSimulator.ActiveCfg = Release|Any CPU
		{3F77A20F-036C-4C5C-91A3-278DCC024859}.Release|iPhoneSimulator.Build.0 = Release|Any CPU
		{3F77A20F-036C-4C5C-91A3-278DCC024859}.Release|iPhoneSimulator.Deploy.0 = Release|Any CPU
		{3F77A20F-036C-4C5C-91A3-278DCC024859}.Release|x64.ActiveCfg = Release|Any CPU
		{3F77A20F-036C-4C5C-91A3-278DCC024859}.Release|x64.Build.0 = Release|Any CPU
		{3F77A20F-036C-4C5C-91A3-278DCC024859}.Release|x64.Deploy.0 = Release|Any CPU
		{3F77A20F-036C-4C5C-91A3-278DCC024859}.Release|x86.ActiveCfg = Release|Any CPU
		{3F77A20F-036C-4C5C-91A3-278DCC024859}.Release|x86.Build.0 = Release|Any CPU
		{3F77A20F-036C-4C5C-91A3-278DCC024859}.Release|x86.Deploy.0 = Release|Any CPU
		{1DEA13E7-87AA-4FE8-81DD-C8388953A0D6}.Debug|Any CPU.ActiveCfg = Debug|iPhone
		{1DEA13E7-87AA-4FE8-81DD-C8388953A0D6}.Debug|Any CPU.Build.0 = Debug|iPhone
		{1DEA13E7-87AA-4FE8-81DD-C8388953A0D6}.Debug|Any CPU.Deploy.0 = Debug|iPhone
		{1DEA13E7-87AA-4FE8-81DD-C8388953A0D6}.Debug|ARM.ActiveCfg = Debug|iPhone
		{1DEA13E7-87AA-4FE8-81DD-C8388953A0D6}.Debug|ARM.Build.0 = Debug|iPhone
		{1DEA13E7-87AA-4FE8-81DD-C8388953A0D6}.Debug|ARM.Deploy.0 = Debug|iPhone
		{1DEA13E7-87AA-4FE8-81DD-C8388953A0D6}.Debug|iPhone.ActiveCfg = Debug|iPhone
		{1DEA13E7-87AA-4FE8-81DD-C8388953A0D6}.Debug|iPhone.Build.0 = Debug|iPhone
		{1DEA13E7-87AA-4FE8-81DD-C8388953A0D6}.Debug|iPhone.Deploy.0 = Debug|iPhone
		{1DEA13E7-87AA-4FE8-81DD-C8388953A0D6}.Debug|iPhoneSimulator.ActiveCfg = Debug|iPhoneSimulator
		{1DEA13E7-87AA-4FE8-81DD-C8388953A0D6}.Debug|iPhoneSimulator.Build.0 = Debug|iPhoneSimulator
		{1DEA13E7-87AA-4FE8-81DD-C8388953A0D6}.Debug|iPhoneSimulator.Deploy.0 = Debug|iPhoneSimulator
		{1DEA13E7-87AA-4FE8-81DD-C8388953A0D6}.Debug|x64.ActiveCfg = Debug|iPhone
		{1DEA13E7-87AA-4FE8-81DD-C8388953A0D6}.Debug|x64.Build.0 = Debug|iPhone
		{1DEA13E7-87AA-4FE8-81DD-C8388953A0D6}.Debug|x64.Deploy.0 = Debug|iPhone
		{1DEA13E7-87AA-4FE8-81DD-C8388953A0D6}.Debug|x86.ActiveCfg = Debug|iPhone
		{1DEA13E7-87AA-4FE8-81DD-C8388953A0D6}.Debug|x86.Build.0 = Debug|iPhone
		{1DEA13E7-87AA-4FE8-81DD-C8388953A0D6}.Debug|x86.Deploy.0 = Debug|iPhone
		{1DEA13E7-87AA-4FE8-81DD-C8388953A0D6}.Release|Any CPU.ActiveCfg = Release|iPhone
		{1DEA13E7-87AA-4FE8-81DD-C8388953A0D6}.Release|Any CPU.Build.0 = Release|iPhone
		{1DEA13E7-87AA-4FE8-81DD-C8388953A0D6}.Release|Any CPU.Deploy.0 = Release|iPhone
		{1DEA13E7-87AA-4FE8-81DD-C8388953A0D6}.Release|ARM.ActiveCfg = Release|iPhone
		{1DEA13E7-87AA-4FE8-81DD-C8388953A0D6}.Release|ARM.Build.0 = Release|iPhone
		{1DEA13E7-87AA-4FE8-81DD-C8388953A0D6}.Release|ARM.Deploy.0 = Release|iPhone
		{1DEA13E7-87AA-4FE8-81DD-C8388953A0D6}.Release|iPhone.ActiveCfg = Release|iPhone
		{1DEA13E7-87AA-4FE8-81DD-C8388953A0D6}.Release|iPhone.Build.0 = Release|iPhone
		{1DEA13E7-87AA-4FE8-81DD-C8388953A0D6}.Release|iPhone.Deploy.0 = Release|iPhone
		{1DEA13E7-87AA-4FE8-81DD-C8388953A0D6}.Release|iPhoneSimulator.ActiveCfg = Release|iPhoneSimulator
		{1DEA13E7-87AA-4FE8-81DD-C8388953A0D6}.Release|iPhoneSimulator.Build.0 = Release|iPhoneSimulator
		{1DEA13E7-87AA-4FE8-81DD-C8388953A0D6}.Release|iPhoneSimulator.Deploy.0 = Release|iPhoneSimulator
		{1DEA13E7-87AA-4FE8-81DD-C8388953A0D6}.Release|x64.ActiveCfg = Release|iPhone
		{1DEA13E7-87AA-4FE8-81DD-C8388953A0D6}.Release|x64.Build.0 = Release|iPhone
		{1DEA13E7-87AA-4FE8-81DD-C8388953A0D6}.Release|x64.Deploy.0 = Release|iPhone
		{1DEA13E7-87AA-4FE8-81DD-C8388953A0D6}.Release|x86.ActiveCfg = Release|iPhone
		{1DEA13E7-87AA-4FE8-81DD-C8388953A0D6}.Release|x86.Build.0 = Release|iPhone
		{1DEA13E7-87AA-4FE8-81DD-C8388953A0D6}.Release|x86.Deploy.0 = Release|iPhone
		{C7898FC3-1A9F-44EC-8428-CE058AEEFF70}.Debug|Any CPU.ActiveCfg = Debug|Any CPU
		{C7898FC3-1A9F-44EC-8428-CE058AEEFF70}.Debug|Any CPU.Build.0 = Debug|Any CPU
		{C7898FC3-1A9F-44EC-8428-CE058AEEFF70}.Debug|Any CPU.Deploy.0 = Debug|Any CPU
		{C7898FC3-1A9F-44EC-8428-CE058AEEFF70}.Debug|ARM.ActiveCfg = Debug|Any CPU
		{C7898FC3-1A9F-44EC-8428-CE058AEEFF70}.Debug|ARM.Build.0 = Debug|Any CPU
		{C7898FC3-1A9F-44EC-8428-CE058AEEFF70}.Debug|ARM.Deploy.0 = Debug|Any CPU
		{C7898FC3-1A9F-44EC-8428-CE058AEEFF70}.Debug|iPhone.ActiveCfg = Debug|Any CPU
		{C7898FC3-1A9F-44EC-8428-CE058AEEFF70}.Debug|iPhone.Build.0 = Debug|Any CPU
		{C7898FC3-1A9F-44EC-8428-CE058AEEFF70}.Debug|iPhone.Deploy.0 = Debug|Any CPU
		{C7898FC3-1A9F-44EC-8428-CE058AEEFF70}.Debug|iPhoneSimulator.ActiveCfg = Debug|Any CPU
		{C7898FC3-1A9F-44EC-8428-CE058AEEFF70}.Debug|iPhoneSimulator.Build.0 = Debug|Any CPU
		{C7898FC3-1A9F-44EC-8428-CE058AEEFF70}.Debug|iPhoneSimulator.Deploy.0 = Debug|Any CPU
		{C7898FC3-1A9F-44EC-8428-CE058AEEFF70}.Debug|x64.ActiveCfg = Debug|Any CPU
		{C7898FC3-1A9F-44EC-8428-CE058AEEFF70}.Debug|x64.Build.0 = Debug|Any CPU
		{C7898FC3-1A9F-44EC-8428-CE058AEEFF70}.Debug|x64.Deploy.0 = Debug|Any CPU
		{C7898FC3-1A9F-44EC-8428-CE058AEEFF70}.Debug|x86.ActiveCfg = Debug|Any CPU
		{C7898FC3-1A9F-44EC-8428-CE058AEEFF70}.Debug|x86.Build.0 = Debug|Any CPU
		{C7898FC3-1A9F-44EC-8428-CE058AEEFF70}.Debug|x86.Deploy.0 = Debug|Any CPU
		{C7898FC3-1A9F-44EC-8428-CE058AEEFF70}.Release|Any CPU.ActiveCfg = Release|Any CPU
		{C7898FC3-1A9F-44EC-8428-CE058AEEFF70}.Release|Any CPU.Build.0 = Release|Any CPU
		{C7898FC3-1A9F-44EC-8428-CE058AEEFF70}.Release|Any CPU.Deploy.0 = Release|Any CPU
		{C7898FC3-1A9F-44EC-8428-CE058AEEFF70}.Release|ARM.ActiveCfg = Release|Any CPU
		{C7898FC3-1A9F-44EC-8428-CE058AEEFF70}.Release|ARM.Build.0 = Release|Any CPU
		{C7898FC3-1A9F-44EC-8428-CE058AEEFF70}.Release|ARM.Deploy.0 = Release|Any CPU
		{C7898FC3-1A9F-44EC-8428-CE058AEEFF70}.Release|iPhone.ActiveCfg = Release|Any CPU
		{C7898FC3-1A9F-44EC-8428-CE058AEEFF70}.Release|iPhone.Build.0 = Release|Any CPU
		{C7898FC3-1A9F-44EC-8428-CE058AEEFF70}.Release|iPhone.Deploy.0 = Release|Any CPU
		{C7898FC3-1A9F-44EC-8428-CE058AEEFF70}.Release|iPhoneSimulator.ActiveCfg = Release|Any CPU
		{C7898FC3-1A9F-44EC-8428-CE058AEEFF70}.Release|iPhoneSimulator.Build.0 = Release|Any CPU
		{C7898FC3-1A9F-44EC-8428-CE058AEEFF70}.Release|iPhoneSimulator.Deploy.0 = Release|Any CPU
		{C7898FC3-1A9F-44EC-8428-CE058AEEFF70}.Release|x64.ActiveCfg = Release|Any CPU
		{C7898FC3-1A9F-44EC-8428-CE058AEEFF70}.Release|x64.Build.0 = Release|Any CPU
		{C7898FC3-1A9F-44EC-8428-CE058AEEFF70}.Release|x64.Deploy.0 = Release|Any CPU
		{C7898FC3-1A9F-44EC-8428-CE058AEEFF70}.Release|x86.ActiveCfg = Release|Any CPU
		{C7898FC3-1A9F-44EC-8428-CE058AEEFF70}.Release|x86.Build.0 = Release|Any CPU
		{C7898FC3-1A9F-44EC-8428-CE058AEEFF70}.Release|x86.Deploy.0 = Release|Any CPU
		{E4DD43ED-07FF-401C-94DB-2A4C5A950C2F}.Debug|Any CPU.ActiveCfg = Debug|Any CPU
		{E4DD43ED-07FF-401C-94DB-2A4C5A950C2F}.Debug|Any CPU.Build.0 = Debug|Any CPU
		{E4DD43ED-07FF-401C-94DB-2A4C5A950C2F}.Debug|ARM.ActiveCfg = Debug|Any CPU
		{E4DD43ED-07FF-401C-94DB-2A4C5A950C2F}.Debug|ARM.Build.0 = Debug|Any CPU
		{E4DD43ED-07FF-401C-94DB-2A4C5A950C2F}.Debug|iPhone.ActiveCfg = Debug|Any CPU
		{E4DD43ED-07FF-401C-94DB-2A4C5A950C2F}.Debug|iPhone.Build.0 = Debug|Any CPU
		{E4DD43ED-07FF-401C-94DB-2A4C5A950C2F}.Debug|iPhoneSimulator.ActiveCfg = Debug|Any CPU
		{E4DD43ED-07FF-401C-94DB-2A4C5A950C2F}.Debug|iPhoneSimulator.Build.0 = Debug|Any CPU
		{E4DD43ED-07FF-401C-94DB-2A4C5A950C2F}.Debug|x64.ActiveCfg = Debug|Any CPU
		{E4DD43ED-07FF-401C-94DB-2A4C5A950C2F}.Debug|x64.Build.0 = Debug|Any CPU
		{E4DD43ED-07FF-401C-94DB-2A4C5A950C2F}.Debug|x86.ActiveCfg = Debug|Any CPU
		{E4DD43ED-07FF-401C-94DB-2A4C5A950C2F}.Debug|x86.Build.0 = Debug|Any CPU
		{E4DD43ED-07FF-401C-94DB-2A4C5A950C2F}.Release|Any CPU.ActiveCfg = Release|Any CPU
		{E4DD43ED-07FF-401C-94DB-2A4C5A950C2F}.Release|Any CPU.Build.0 = Release|Any CPU
		{E4DD43ED-07FF-401C-94DB-2A4C5A950C2F}.Release|ARM.ActiveCfg = Release|Any CPU
		{E4DD43ED-07FF-401C-94DB-2A4C5A950C2F}.Release|ARM.Build.0 = Release|Any CPU
		{E4DD43ED-07FF-401C-94DB-2A4C5A950C2F}.Release|iPhone.ActiveCfg = Release|Any CPU
		{E4DD43ED-07FF-401C-94DB-2A4C5A950C2F}.Release|iPhone.Build.0 = Release|Any CPU
		{E4DD43ED-07FF-401C-94DB-2A4C5A950C2F}.Release|iPhoneSimulator.ActiveCfg = Release|Any CPU
		{E4DD43ED-07FF-401C-94DB-2A4C5A950C2F}.Release|iPhoneSimulator.Build.0 = Release|Any CPU
		{E4DD43ED-07FF-401C-94DB-2A4C5A950C2F}.Release|x64.ActiveCfg = Release|Any CPU
		{E4DD43ED-07FF-401C-94DB-2A4C5A950C2F}.Release|x64.Build.0 = Release|Any CPU
		{E4DD43ED-07FF-401C-94DB-2A4C5A950C2F}.Release|x86.ActiveCfg = Release|Any CPU
		{E4DD43ED-07FF-401C-94DB-2A4C5A950C2F}.Release|x86.Build.0 = Release|Any CPU
		{57AD23F7-47C6-4B9E-B30B-110F63159B8D}.Debug|Any CPU.ActiveCfg = Debug|Any CPU
		{57AD23F7-47C6-4B9E-B30B-110F63159B8D}.Debug|Any CPU.Build.0 = Debug|Any CPU
		{57AD23F7-47C6-4B9E-B30B-110F63159B8D}.Debug|ARM.ActiveCfg = Debug|Any CPU
		{57AD23F7-47C6-4B9E-B30B-110F63159B8D}.Debug|ARM.Build.0 = Debug|Any CPU
		{57AD23F7-47C6-4B9E-B30B-110F63159B8D}.Debug|iPhone.ActiveCfg = Debug|Any CPU
		{57AD23F7-47C6-4B9E-B30B-110F63159B8D}.Debug|iPhone.Build.0 = Debug|Any CPU
		{57AD23F7-47C6-4B9E-B30B-110F63159B8D}.Debug|iPhoneSimulator.ActiveCfg = Debug|Any CPU
		{57AD23F7-47C6-4B9E-B30B-110F63159B8D}.Debug|iPhoneSimulator.Build.0 = Debug|Any CPU
		{57AD23F7-47C6-4B9E-B30B-110F63159B8D}.Debug|x64.ActiveCfg = Debug|Any CPU
		{57AD23F7-47C6-4B9E-B30B-110F63159B8D}.Debug|x64.Build.0 = Debug|Any CPU
		{57AD23F7-47C6-4B9E-B30B-110F63159B8D}.Debug|x86.ActiveCfg = Debug|Any CPU
		{57AD23F7-47C6-4B9E-B30B-110F63159B8D}.Debug|x86.Build.0 = Debug|Any CPU
		{57AD23F7-47C6-4B9E-B30B-110F63159B8D}.Release|Any CPU.ActiveCfg = Release|Any CPU
		{57AD23F7-47C6-4B9E-B30B-110F63159B8D}.Release|Any CPU.Build.0 = Release|Any CPU
		{57AD23F7-47C6-4B9E-B30B-110F63159B8D}.Release|ARM.ActiveCfg = Release|Any CPU
		{57AD23F7-47C6-4B9E-B30B-110F63159B8D}.Release|ARM.Build.0 = Release|Any CPU
		{57AD23F7-47C6-4B9E-B30B-110F63159B8D}.Release|iPhone.ActiveCfg = Release|Any CPU
		{57AD23F7-47C6-4B9E-B30B-110F63159B8D}.Release|iPhone.Build.0 = Release|Any CPU
		{57AD23F7-47C6-4B9E-B30B-110F63159B8D}.Release|iPhoneSimulator.ActiveCfg = Release|Any CPU
		{57AD23F7-47C6-4B9E-B30B-110F63159B8D}.Release|iPhoneSimulator.Build.0 = Release|Any CPU
		{57AD23F7-47C6-4B9E-B30B-110F63159B8D}.Release|x64.ActiveCfg = Release|Any CPU
		{57AD23F7-47C6-4B9E-B30B-110F63159B8D}.Release|x64.Build.0 = Release|Any CPU
		{57AD23F7-47C6-4B9E-B30B-110F63159B8D}.Release|x86.ActiveCfg = Release|Any CPU
		{57AD23F7-47C6-4B9E-B30B-110F63159B8D}.Release|x86.Build.0 = Release|Any CPU
	EndGlobalSection
	GlobalSection(SolutionProperties) = preSolution
		HideSolutionNode = FALSE
	EndGlobalSection
	GlobalSection(NestedProjects) = preSolution
		{602CB521-1590-4196-99F6-6AFD62F19E7D} = {72AE0A22-54C3-4EA6-91DE-DB81D6204B64}
		{3F77A20F-036C-4C5C-91A3-278DCC024859} = {72AE0A22-54C3-4EA6-91DE-DB81D6204B64}
		{1DEA13E7-87AA-4FE8-81DD-C8388953A0D6} = {72AE0A22-54C3-4EA6-91DE-DB81D6204B64}
		{C7898FC3-1A9F-44EC-8428-CE058AEEFF70} = {72AE0A22-54C3-4EA6-91DE-DB81D6204B64}
	EndGlobalSection
	GlobalSection(ExtensibilityGlobals) = postSolution
		SolutionGuid = {D8C40103-7E93-4B55-B466-F049EBA89688}
	EndGlobalSection
EndGlobal
